
Microsoft Visual Studio Solution File, Format Version 12.00
# Visual Studio Version 17
VisualStudioVersion = 17.2.32519.379
MinimumVisualStudioVersion = 10.0.40219.1
Project("{FAE04EC0-301F-11D3-BF4B-00C04F79EFBC}") = "Monitoring", "Monitoring.csproj", "{7042EB8F-E4DD-4AD1-A006-F297DE28D6E8}"
EndProject
Global
	GlobalSection(SolutionConfigurationPlatforms) = preSolution
		Debug|Any CPU = Debug|Any CPU
		Release|Any CPU = Release|Any CPU
	EndGlobalSection
	GlobalSection(ProjectConfigurationPlatforms) = postSolution
		{7042EB8F-E4DD-4AD1-A006-F297DE28D6E8}.Debug|Any CPU.ActiveCfg = Debug|Any CPU
		{7042EB8F-E4DD-4AD1-A006-F297DE28D6E8}.Debug|Any CPU.Build.0 = Debug|Any CPU
		{7042EB8F-E4DD-4AD1-A006-F297DE28D6E8}.Release|Any CPU.ActiveCfg = Release|Any CPU
		{7042EB8F-E4DD-4AD1-A006-F297DE28D6E8}.Release|Any CPU.Build.0 = Release|Any CPU
	EndGlobalSection
	GlobalSection(SolutionProperties) = preSolution
		HideSolutionNode = FALSE
	EndGlobalSection
	GlobalSection(ExtensibilityGlobals) = postSolution
		SolutionGuid = {15F3CFCA-9E5E-42A4-825B-C2A9D500F1D0}
	EndGlobalSection
EndGlobal
